
Microsoft Visual Studio Solution File, Format Version 12.00
# Visual Studio 2013
VisualStudioVersion = 12.0.31101.0
MinimumVisualStudioVersion = 10.0.40219.1
Project("{FAE04EC0-301F-11D3-BF4B-00C04F79EFBC}") = "School_Mall", "School_Mall\School_Mall.csproj", "{CBC2FADB-9890-4734-82A5-08AB42D2152C}"
EndProject
Project("{2150E333-8FDC-42A3-9474-1A3956D46DE8}") = "BusinessLayer", "BusinessLayer", "{841D0549-7D2B-4E04-BD60-BDC49894E769}"
EndProject
Project("{2150E333-8FDC-42A3-9474-1A3956D46DE8}") = "ModelLayer", "ModelLayer", "{556CD332-DAD4-41BA-BB5B-3B3BB29DA547}"
EndProject
Project("{2150E333-8FDC-42A3-9474-1A3956D46DE8}") = "PresentationLayer", "PresentationLayer", "{439E73ED-6A44-47E9-8463-CEAC20881576}"
EndProject
Project("{2150E333-8FDC-42A3-9474-1A3956D46DE8}") = "DataLayer", "DataLayer", "{DA8B627E-C245-42BF-8C14-EEFE1048954B}"
EndProject
Project("{FAE04EC0-301F-11D3-BF4B-00C04F79EFBC}") = "SchoolMall.Business", "SchoolMall.Business\SchoolMall.Business.csproj", "{33015BE7-8D91-47BC-A603-D766907EF58F}"
EndProject
Project("{FAE04EC0-301F-11D3-BF4B-00C04F79EFBC}") = "SchoolMall.Data", "SchoolMall.Data\SchoolMall.Data.csproj", "{9FD81ABF-523B-4278-96E5-9A35535B747B}"
EndProject
Project("{FAE04EC0-301F-11D3-BF4B-00C04F79EFBC}") = "SchoolMall.Model", "SchoolMall.Model\SchoolMall.Model.csproj", "{484A51F5-29EE-4BF9-9521-0F16EBD78F2C}"
EndProject
Global
	GlobalSection(SolutionConfigurationPlatforms) = preSolution
		Debug|Any CPU = Debug|Any CPU
		Release|Any CPU = Release|Any CPU
	EndGlobalSection
	GlobalSection(ProjectConfigurationPlatforms) = postSolution
		{CBC2FADB-9890-4734-82A5-08AB42D2152C}.Debug|Any CPU.ActiveCfg = Debug|Any CPU
		{CBC2FADB-9890-4734-82A5-08AB42D2152C}.Debug|Any CPU.Build.0 = Debug|Any CPU
		{CBC2FADB-9890-4734-82A5-08AB42D2152C}.Release|Any CPU.ActiveCfg = Release|Any CPU
		{CBC2FADB-9890-4734-82A5-08AB42D2152C}.Release|Any CPU.Build.0 = Release|Any CPU
		{33015BE7-8D91-47BC-A603-D766907EF58F}.Debug|Any CPU.ActiveCfg = Debug|Any CPU
		{33015BE7-8D91-47BC-A603-D766907EF58F}.Debug|Any CPU.Build.0 = Debug|Any CPU
		{33015BE7-8D91-47BC-A603-D766907EF58F}.Release|Any CPU.ActiveCfg = Release|Any CPU
		{33015BE7-8D91-47BC-A603-D766907EF58F}.Release|Any CPU.Build.0 = Release|Any CPU
		{9FD81ABF-523B-4278-96E5-9A35535B747B}.Debug|Any CPU.ActiveCfg = Debug|Any CPU
		{9FD81ABF-523B-4278-96E5-9A35535B747B}.Debug|Any CPU.Build.0 = Debug|Any CPU
		{9FD81ABF-523B-4278-96E5-9A35535B747B}.Release|Any CPU.ActiveCfg = Release|Any CPU
		{9FD81ABF-523B-4278-96E5-9A35535B747B}.Release|Any CPU.Build.0 = Release|Any CPU
		{484A51F5-29EE-4BF9-9521-0F16EBD78F2C}.Debug|Any CPU.ActiveCfg = Debug|Any CPU
		{484A51F5-29EE-4BF9-9521-0F16EBD78F2C}.Debug|Any CPU.Build.0 = Debug|Any CPU
		{484A51F5-29EE-4BF9-9521-0F16EBD78F2C}.Release|Any CPU.ActiveCfg = Release|Any CPU
		{484A51F5-29EE-4BF9-9521-0F16EBD78F2C}.Release|Any CPU.Build.0 = Release|Any CPU
	EndGlobalSection
	GlobalSection(SolutionProperties) = preSolution
		HideSolutionNode = FALSE
	EndGlobalSection
	GlobalSection(NestedProjects) = preSolution
		{CBC2FADB-9890-4734-82A5-08AB42D2152C} = {439E73ED-6A44-47E9-8463-CEAC20881576}
		{33015BE7-8D91-47BC-A603-D766907EF58F} = {841D0549-7D2B-4E04-BD60-BDC49894E769}
		{9FD81ABF-523B-4278-96E5-9A35535B747B} = {DA8B627E-C245-42BF-8C14-EEFE1048954B}
		{484A51F5-29EE-4BF9-9521-0F16EBD78F2C} = {556CD332-DAD4-41BA-BB5B-3B3BB29DA547}
	EndGlobalSection
EndGlobal
